// !$*UTF8*$!
{
	archiveVersion = 1;
	classes = {
	};
	objectVersion = 46;
	objects = {

/* Begin PBXBuildFile section */
		6A4C3C3E1FD80A70005A3E45 /* AppDelegate.swift in Sources */ = {isa = PBXBuildFile; fileRef = 6A4C3C3D1FD80A70005A3E45 /* AppDelegate.swift */; };
		6A4C3C401FD80A70005A3E45 /* ViewController.swift in Sources */ = {isa = PBXBuildFile; fileRef = 6A4C3C3F1FD80A70005A3E45 /* ViewController.swift */; };
		6A4C3C431FD80A71005A3E45 /* Main.storyboard in Resources */ = {isa = PBXBuildFile; fileRef = 6A4C3C411FD80A71005A3E45 /* Main.storyboard */; };
		6A4C3C451FD80A71005A3E45 /* Assets.xcassets in Resources */ = {isa = PBXBuildFile; fileRef = 6A4C3C441FD80A71005A3E45 /* Assets.xcassets */; };
		6A4C3C481FD80A71005A3E45 /* LaunchScreen.storyboard in Resources */ = {isa = PBXBuildFile; fileRef = 6A4C3C461FD80A71005A3E45 /* LaunchScreen.storyboard */; };
		6A4C3C501FD80C1D005A3E45 /* GoogleService-Info.plist in Resources */ = {isa = PBXBuildFile; fileRef = 6A4C3C4F1FD80C1D005A3E45 /* GoogleService-Info.plist */; };
		7B815406AC72A201707FF73B /* Pods_message_app.framework in Frameworks */ = {isa = PBXBuildFile; fileRef = 120F181CCDD7EF6C1D635E6B /* Pods_message_app.framework */; };
/* End PBXBuildFile section */

/* Begin PBXFileReference section */
		120F181CCDD7EF6C1D635E6B /* Pods_message_app.framework */ = {isa = PBXFileReference; explicitFileType = wrapper.framework; includeInIndex = 0; path = Pods_message_app.framework; sourceTree = BUILT_PRODUCTS_DIR; };
		3506B656B38151570F0AACD2 /* Pods-message_app.debug.xcconfig */ = {isa = PBXFileReference; includeInIndex = 1; lastKnownFileType = text.xcconfig; name = "Pods-message_app.debug.xcconfig"; path = "Pods/Target Support Files/Pods-message_app/Pods-message_app.debug.xcconfig"; sourceTree = "<group>"; };
		4EC77C39681406F6DC055A17 /* Pods-message_app.release.xcconfig */ = {isa = PBXFileReference; includeInIndex = 1; lastKnownFileType = text.xcconfig; name = "Pods-message_app.release.xcconfig"; path = "Pods/Target Support Files/Pods-message_app/Pods-message_app.release.xcconfig"; sourceTree = "<group>"; };
		6A4C3C3A1FD80A70005A3E45 /* message_app.app */ = {isa = PBXFileReference; explicitFileType = wrapper.application; includeInIndex = 0; path = message_app.app; sourceTree = BUILT_PRODUCTS_DIR; };
		6A4C3C3D1FD80A70005A3E45 /* AppDelegate.swift */ = {isa = PBXFileReference; lastKnownFileType = sourcecode.swift; path = AppDelegate.swift; sourceTree = "<group>"; };
		6A4C3C3F1FD80A70005A3E45 /* ViewController.swift */ = {isa = PBXFileReference; lastKnownFileType = sourcecode.swift; path = ViewController.swift; sourceTree = "<group>"; };
		6A4C3C421FD80A71005A3E45 /* Base */ = {isa = PBXFileReference; lastKnownFileType = file.storyboard; name = Base; path = Base.lproj/Main.storyboard; sourceTree = "<group>"; };
		6A4C3C441FD80A71005A3E45 /* Assets.xcassets */ = {isa = PBXFileReference; lastKnownFileType = folder.assetcatalog; path = Assets.xcassets; sourceTree = "<group>"; };
		6A4C3C471FD80A71005A3E45 /* Base */ = {isa = PBXFileReference; lastKnownFileType = file.storyboard; name = Base; path = Base.lproj/LaunchScreen.storyboard; sourceTree = "<group>"; };
		6A4C3C491FD80A71005A3E45 /* Info.plist */ = {isa = PBXFileReference; lastKnownFileType = text.plist.xml; path = Info.plist; sourceTree = "<group>"; };
		6A4C3C4F1FD80C1D005A3E45 /* GoogleService-Info.plist */ = {isa = PBXFileReference; fileEncoding = 4; lastKnownFileType = text.plist.xml; name = "GoogleService-Info.plist"; path = "../GoogleService-Info.plist"; sourceTree = "<group>"; };
/* End PBXFileReference section */

/* Begin PBXFrameworksBuildPhase section */
		6A4C3C371FD80A70005A3E45 /* Frameworks */ = {
			isa = PBXFrameworksBuildPhase;
			buildActionMask = 2147483647;
			files = (
				7B815406AC72A201707FF73B /* Pods_message_app.framework in Frameworks */,
			);
			runOnlyForDeploymentPostprocessing = 0;
		};
/* End PBXFrameworksBuildPhase section */

/* Begin PBXGroup section */
		621EB81E1AEA404D9CAF61BC /* Frameworks */ = {
			isa = PBXGroup;
			children = (
				120F181CCDD7EF6C1D635E6B /* Pods_message_app.framework */,
			);
			name = Frameworks;
			sourceTree = "<group>";
		};
		6A4C3C311FD80A70005A3E45 = {
			isa = PBXGroup;
			children = (
				6A4C3C3C1FD80A70005A3E45 /* message_app */,
				6A4C3C3B1FD80A70005A3E45 /* Products */,
				96A05B7121C5D9DA7EE09349 /* Pods */,
				621EB81E1AEA404D9CAF61BC /* Frameworks */,
			);
			sourceTree = "<group>";
		};
		6A4C3C3B1FD80A70005A3E45 /* Products */ = {
			isa = PBXGroup;
			children = (
				6A4C3C3A1FD80A70005A3E45 /* message_app.app */,
			);
			name = Products;
			sourceTree = "<group>";
		};
		6A4C3C3C1FD80A70005A3E45 /* message_app */ = {
			isa = PBXGroup;
			children = (
				6A4C3C4F1FD80C1D005A3E45 /* GoogleService-Info.plist */,
				6A4C3C3D1FD80A70005A3E45 /* AppDelegate.swift */,
				6A4C3C3F1FD80A70005A3E45 /* ViewController.swift */,
				6A4C3C411FD80A71005A3E45 /* Main.storyboard */,
				6A4C3C441FD80A71005A3E45 /* Assets.xcassets */,
				6A4C3C461FD80A71005A3E45 /* LaunchScreen.storyboard */,
				6A4C3C491FD80A71005A3E45 /* Info.plist */,
			);
			path = message_app;
			sourceTree = "<group>";
		};
		96A05B7121C5D9DA7EE09349 /* Pods */ = {
			isa = PBXGroup;
			children = (
				3506B656B38151570F0AACD2 /* Pods-message_app.debug.xcconfig */,
				4EC77C39681406F6DC055A17 /* Pods-message_app.release.xcconfig */,
			);
			name = Pods;
			sourceTree = "<group>";
		};
/* End PBXGroup section */

/* Begin PBXNativeTarget section */
		6A4C3C391FD80A70005A3E45 /* message_app */ = {
			isa = PBXNativeTarget;
			buildConfigurationList = 6A4C3C4C1FD80A71005A3E45 /* Build configuration list for PBXNativeTarget "message_app" */;
			buildPhases = (
				B9032129F6832244588CD0A0 /* [CP] Check Pods Manifest.lock */,
				6A4C3C361FD80A70005A3E45 /* Sources */,
				6A4C3C371FD80A70005A3E45 /* Frameworks */,
				6A4C3C381FD80A70005A3E45 /* Resources */,
				BDCA1040A22803E9A556A914 /* [CP] Embed Pods Frameworks */,
				5F4C1BAED159CBF6DD454D88 /* [CP] Copy Pods Resources */,
			);
			buildRules = (
			);
			dependencies = (
			);
			name = message_app;
			productName = message_app;
			productReference = 6A4C3C3A1FD80A70005A3E45 /* message_app.app */;
			productType = "com.apple.product-type.application";
		};
/* End PBXNativeTarget section */

/* Begin PBXProject section */
		6A4C3C321FD80A70005A3E45 /* Project object */ = {
			isa = PBXProject;
			attributes = {
				LastSwiftUpdateCheck = 0820;
				LastUpgradeCheck = 0820;
				ORGANIZATIONNAME = "Oliver Pople";
				TargetAttributes = {
					6A4C3C391FD80A70005A3E45 = {
						CreatedOnToolsVersion = 8.2.1;
						ProvisioningStyle = Automatic;
					};
				};
			};
			buildConfigurationList = 6A4C3C351FD80A70005A3E45 /* Build configuration list for PBXProject "message_app" */;
			compatibilityVersion = "Xcode 3.2";
			developmentRegion = English;
			hasScannedForEncodings = 0;
			knownRegions = (
				en,
				Base,
			);
			mainGroup = 6A4C3C311FD80A70005A3E45;
			productRefGroup = 6A4C3C3B1FD80A70005A3E45 /* Products */;
			projectDirPath = "";
			projectRoot = "";
			targets = (
				6A4C3C391FD80A70005A3E45 /* message_app */,
			);
		};
/* End PBXProject section */

/* Begin PBXResourcesBuildPhase section */
		6A4C3C381FD80A70005A3E45 /* Resources */ = {
			isa = PBXResourcesBuildPhase;
			buildActionMask = 2147483647;
			files = (
				6A4C3C481FD80A71005A3E45 /* LaunchScreen.storyboard in Resources */,
				6A4C3C501FD80C1D005A3E45 /* GoogleService-Info.plist in Resources */,
				6A4C3C451FD80A71005A3E45 /* Assets.xcassets in Resources */,
				6A4C3C431FD80A71005A3E45 /* Main.storyboard in Resources */,
			);
			runOnlyForDeploymentPostprocessing = 0;
		};
/* End PBXResourcesBuildPhase section */

/* Begin PBXShellScriptBuildPhase section */
		5F4C1BAED159CBF6DD454D88 /* [CP] Copy Pods Resources */ = {
			isa = PBXShellScriptBuildPhase;
			buildActionMask = 2147483647;
			files = (
			);
			inputPaths = (
			);
			name = "[CP] Copy Pods Resources";
			outputPaths = (
			);
			runOnlyForDeploymentPostprocessing = 0;
			shellPath = /bin/sh;
			shellScript = "\"${SRCROOT}/Pods/Target Support Files/Pods-message_app/Pods-message_app-resources.sh\"\n";
			showEnvVarsInLog = 0;
		};
		B9032129F6832244588CD0A0 /* [CP] Check Pods Manifest.lock */ = {
			isa = PBXShellScriptBuildPhase;
			buildActionMask = 2147483647;
			files = (
			);
			inputPaths = (
				"${PODS_PODFILE_DIR_PATH}/Podfile.lock",
				"${PODS_ROOT}/Manifest.lock",
			);
			name = "[CP] Check Pods Manifest.lock";
			outputPaths = (
				"$(DERIVED_FILE_DIR)/Pods-message_app-checkManifestLockResult.txt",
			);
			runOnlyForDeploymentPostprocessing = 0;
			shellPath = /bin/sh;
			shellScript = "diff \"${PODS_PODFILE_DIR_PATH}/Podfile.lock\" \"${PODS_ROOT}/Manifest.lock\" > /dev/null\nif [ $? != 0 ] ; then\n    # print error to STDERR\n    echo \"error: The sandbox is not in sync with the Podfile.lock. Run 'pod install' or update your CocoaPods installation.\" >&2\n    exit 1\nfi\n# This output is used by Xcode 'outputs' to avoid re-running this script phase.\necho \"SUCCESS\" > \"${SCRIPT_OUTPUT_FILE_0}\"\n";
			showEnvVarsInLog = 0;
		};
		BDCA1040A22803E9A556A914 /* [CP] Embed Pods Frameworks */ = {
			isa = PBXShellScriptBuildPhase;
			buildActionMask = 2147483647;
			files = (
			);
			inputPaths = (
				"${SRCROOT}/Pods/Target Support Files/Pods-message_app/Pods-message_app-frameworks.sh",
				"${BUILT_PRODUCTS_DIR}/GTMSessionFetcher/GTMSessionFetcher.framework",
				"${BUILT_PRODUCTS_DIR}/GoogleToolboxForMac/GoogleToolboxForMac.framework",
				"${BUILT_PRODUCTS_DIR}/SwiftKeychainWrapper/SwiftKeychainWrapper.framework",
				"${BUILT_PRODUCTS_DIR}/leveldb-library/leveldb.framework",
				"${BUILT_PRODUCTS_DIR}/nanopb/nanopb.framework",
			);
			name = "[CP] Embed Pods Frameworks";
			outputPaths = (
				"${TARGET_BUILD_DIR}/${FRAMEWORKS_FOLDER_PATH}/GTMSessionFetcher.framework",
				"${TARGET_BUILD_DIR}/${FRAMEWORKS_FOLDER_PATH}/GoogleToolboxForMac.framework",
				"${TARGET_BUILD_DIR}/${FRAMEWORKS_FOLDER_PATH}/SwiftKeychainWrapper.framework",
				"${TARGET_BUILD_DIR}/${FRAMEWORKS_FOLDER_PATH}/leveldb.framework",
				"${TARGET_BUILD_DIR}/${FRAMEWORKS_FOLDER_PATH}/nanopb.framework",
			);
			runOnlyForDeploymentPostprocessing = 0;
			shellPath = /bin/sh;
			shellScript = "\"${SRCROOT}/Pods/Target Support Files/Pods-message_app/Pods-message_app-frameworks.sh\"\n";
			showEnvVarsInLog = 0;
		};
/* End PBXShellScriptBuildPhase section */

/* Begin PBXSourcesBuildPhase section */
		6A4C3C361FD80A70005A3E45 /* Sources */ = {
			isa = PBXSourcesBuildPhase;
			buildActionMask = 2147483647;
			files = (
				6A4C3C401FD80A70005A3E45 /* ViewController.swift in Sources */,
				6A4C3C3E1FD80A70005A3E45 /* AppDelegate.swift in Sources */,
			);
			runOnlyForDeploymentPostprocessing = 0;
		};
/* End PBXSourcesBuildPhase section */

/* Begin PBXVariantGroup section */
		6A4C3C411FD80A71005A3E45 /* Main.storyboard */ = {
			isa = PBXVariantGroup;
			children = (
				6A4C3C421FD80A71005A3E45 /* Base */,
			);
			name = Main.storyboard;
			sourceTree = "<group>";
		};
		6A4C3C461FD80A71005A3E45 /* LaunchScreen.storyboard */ = {
			isa = PBXVariantGroup;
			children = (
				6A4C3C471FD80A71005A3E45 /* Base */,
			);
			name = LaunchScreen.storyboard;
			sourceTree = "<group>";
		};
/* End PBXVariantGroup section */

/* Begin XCBuildConfiguration section */
		6A4C3C4A1FD80A71005A3E45 /* Debug */ = {
			isa = XCBuildConfiguration;
			buildSettings = {
				ALWAYS_SEARCH_USER_PATHS = NO;
				CLANG_ANALYZER_NONNULL = YES;
				CLANG_CXX_LANGUAGE_STANDARD = "gnu++0x";
				CLANG_CXX_LIBRARY = "libc++";
				CLANG_ENABLE_MODULES = YES;
				CLANG_ENABLE_OBJC_ARC = YES;
				CLANG_WARN_BOOL_CONVERSION = YES;
				CLANG_WARN_CONSTANT_CONVERSION = YES;
				CLANG_WARN_DIRECT_OBJC_ISA_USAGE = YES_ERROR;
				CLANG_WARN_DOCUMENTATION_COMMENTS = YES;
				CLANG_WARN_EMPTY_BODY = YES;
				CLANG_WARN_ENUM_CONVERSION = YES;
				CLANG_WARN_INFINITE_RECURSION = YES;
				CLANG_WARN_INT_CONVERSION = YES;
				CLANG_WARN_OBJC_ROOT_CLASS = YES_ERROR;
				CLANG_WARN_SUSPICIOUS_MOVE = YES;
				CLANG_WARN_UNREACHABLE_CODE = YES;
				CLANG_WARN__DUPLICATE_METHOD_MATCH = YES;
				"CODE_SIGN_IDENTITY[sdk=iphoneos*]" = "iPhone Developer";
				COPY_PHASE_STRIP = NO;
				DEBUG_INFORMATION_FORMAT = dwarf;
				ENABLE_STRICT_OBJC_MSGSEND = YES;
				ENABLE_TESTABILITY = YES;
				GCC_C_LANGUAGE_STANDARD = gnu99;
				GCC_DYNAMIC_NO_PIC = NO;
				GCC_NO_COMMON_BLOCKS = YES;
				GCC_OPTIMIZATION_LEVEL = 0;
				GCC_PREPROCESSOR_DEFINITIONS = (
					"DEBUG=1",
					"$(inherited)",
				);
				GCC_WARN_64_TO_32_BIT_CONVERSION = YES;
				GCC_WARN_ABOUT_RETURN_TYPE = YES_ERROR;
				GCC_WARN_UNDECLARED_SELECTOR = YES;
				GCC_WARN_UNINITIALIZED_AUTOS = YES_AGGRESSIVE;
				GCC_WARN_UNUSED_FUNCTION = YES;
				GCC_WARN_UNUSED_VARIABLE = YES;
				IPHONEOS_DEPLOYMENT_TARGET = 10.2;
				MTL_ENABLE_DEBUG_INFO = YES;
				ONLY_ACTIVE_ARCH = YES;
				SDKROOT = iphoneos;
				SWIFT_ACTIVE_COMPILATION_CONDITIONS = DEBUG;
				SWIFT_OPTIMIZATION_LEVEL = "-Onone";
				TARGETED_DEVICE_FAMILY = "1,2";
			};
			name = Debug;
		};
		6A4C3C4B1FD80A71005A3E45 /* Release */ = {
			isa = XCBuildConfiguration;
			buildSettings = {
				ALWAYS_SEARCH_USER_PATHS = NO;
				CLANG_ANALYZER_NONNULL = YES;
				CLANG_CXX_LANGUAGE_STANDARD = "gnu++0x";
				CLANG_CXX_LIBRARY = "libc++";
				CLANG_ENABLE_MODULES = YES;
				CLANG_ENABLE_OBJC_ARC = YES;
				CLANG_WARN_BOOL_CONVERSION = YES;
				CLANG_WARN_CONSTANT_CONVERSION = YES;
				CLANG_WARN_DIRECT_OBJC_ISA_USAGE = YES_ERROR;
				CLANG_WARN_DOCUMENTATION_COMMENTS = YES;
				CLANG_WARN_EMPTY_BODY = YES;
				CLANG_WARN_ENUM_CONVERSION = YES;
				CLANG_WARN_INFINITE_RECURSION = YES;
				CLANG_WARN_INT_CONVERSION = YES;
				CLANG_WARN_OBJC_ROOT_CLASS = YES_ERROR;
				CLANG_WARN_SUSPICIOUS_MOVE = YES;
				CLANG_WARN_UNREACHABLE_CODE = YES;
				CLANG_WARN__DUPLICATE_METHOD_MATCH = YES;
				"CODE_SIGN_IDENTITY[sdk=iphoneos*]" = "iPhone Developer";
				COPY_PHASE_STRIP = NO;
				DEBUG_INFORMATION_FORMAT = "dwarf-with-dsym";
				ENABLE_NS_ASSERTIONS = NO;
				ENABLE_STRICT_OBJC_MSGSEND = YES;
				GCC_C_LANGUAGE_STANDARD = gnu99;
				GCC_NO_COMMON_BLOCKS = YES;
				GCC_WARN_64_TO_32_BIT_CONVERSION = YES;
				GCC_WARN_ABOUT_RETURN_TYPE = YES_ERROR;
				GCC_WARN_UNDECLARED_SELECTOR = YES;
				GCC_WARN_UNINITIALIZED_AUTOS = YES_AGGRESSIVE;
				GCC_WARN_UNUSED_FUNCTION = YES;
				GCC_WARN_UNUSED_VARIABLE = YES;
				IPHONEOS_DEPLOYMENT_TARGET = 10.2;
				MTL_ENABLE_DEBUG_INFO = NO;
				SDKROOT = iphoneos;
				SWIFT_OPTIMIZATION_LEVEL = "-Owholemodule";
				TARGETED_DEVICE_FAMILY = "1,2";
				VALIDATE_PRODUCT = YES;
			};
			name = Release;
		};
		6A4C3C4D1FD80A71005A3E45 /* Debug */ = {
			isa = XCBuildConfiguration;
			baseConfigurationReference = 3506B656B38151570F0AACD2 /* Pods-message_app.debug.xcconfig */;
			buildSettings = {
				ASSETCATALOG_COMPILER_APPICON_NAME = AppIcon;
				INFOPLIST_FILE = message_app/Info.plist;
				LD_RUNPATH_SEARCH_PATHS = "$(inherited) @executable_path/Frameworks";
				PRODUCT_BUNDLE_IDENTIFIER = "makers.message-app";
				PRODUCT_NAME = "$(TARGET_NAME)";
				SWIFT_VERSION = 3.0;
			};
			name = Debug;
		};
		6A4C3C4E1FD80A71005A3E45 /* Release */ = {
			isa = XCBuildConfiguration;
			baseConfigurationReference = 4EC77C39681406F6DC055A17 /* Pods-message_app.release.xcconfig */;
			buildSettings = {
				ASSETCATALOG_COMPILER_APPICON_NAME = AppIcon;
				INFOPLIST_FILE = message_app/Info.plist;
				LD_RUNPATH_SEARCH_PATHS = "$(inherited) @executable_path/Frameworks";
				PRODUCT_BUNDLE_IDENTIFIER = "makers.message-app";
				PRODUCT_NAME = "$(TARGET_NAME)";
				SWIFT_VERSION = 3.0;
			};
			name = Release;
		};
/* End XCBuildConfiguration section */

/* Begin XCConfigurationList section */
		6A4C3C351FD80A70005A3E45 /* Build configuration list for PBXProject "message_app" */ = {
			isa = XCConfigurationList;
			buildConfigurations = (
				6A4C3C4A1FD80A71005A3E45 /* Debug */,
				6A4C3C4B1FD80A71005A3E45 /* Release */,
			);
			defaultConfigurationIsVisible = 0;
			defaultConfigurationName = Release;
		};
		6A4C3C4C1FD80A71005A3E45 /* Build configuration list for PBXNativeTarget "message_app" */ = {
			isa = XCConfigurationList;
			buildConfigurations = (
				6A4C3C4D1FD80A71005A3E45 /* Debug */,
				6A4C3C4E1FD80A71005A3E45 /* Release */,
			);
			defaultConfigurationIsVisible = 0;
			defaultConfigurationName = Release;
		};
/* End XCConfigurationList section */
	};
	rootObject = 6A4C3C321FD80A70005A3E45 /* Project object */;
}
